
Microsoft Visual Studio Solution File, Format Version 12.00
# Visual Studio Version 17
VisualStudioVersion = 17.0.32014.148
MinimumVisualStudioVersion = 10.0.40219.1
Project("{FAE04EC0-301F-11D3-BF4B-00C04F79EFBC}") = "RCOTruckApp", "RCOTruckApp\RCOTruckApp.csproj", "{EC8C3D26-15A7-4CFE-9B38-4600C3325D45}"
EndProject
Global
	GlobalSection(SolutionConfigurationPlatforms) = preSolution
		Debug|Any CPU = Debug|Any CPU
		Release|Any CPU = Release|Any CPU
	EndGlobalSection
	GlobalSection(ProjectConfigurationPlatforms) = postSolution
		{EC8C3D26-15A7-4CFE-9B38-4600C3325D45}.Debug|Any CPU.ActiveCfg = Debug|Any CPU
		{EC8C3D26-15A7-4CFE-9B38-4600C3325D45}.Debug|Any CPU.Build.0 = Debug|Any CPU
		{EC8C3D26-15A7-4CFE-9B38-4600C3325D45}.Release|Any CPU.ActiveCfg = Release|Any CPU
		{EC8C3D26-15A7-4CFE-9B38-4600C3325D45}.Release|Any CPU.Build.0 = Release|Any CPU
	EndGlobalSection
	GlobalSection(SolutionProperties) = preSolution
		HideSolutionNode = FALSE
	EndGlobalSection
	GlobalSection(ExtensibilityGlobals) = postSolution
		SolutionGuid = {4AE86B39-16D8-4E7B-BAA5-EDAF609B7869}
	EndGlobalSection
EndGlobal
